
Microsoft Visual Studio Solution File, Format Version 12.00
# Visual Studio Version 16
VisualStudioVersion = 16.0.31702.278
MinimumVisualStudioVersion = 10.0.40219.1
Project("{FAE04EC0-301F-11D3-BF4B-00C04F79EFBC}") = "WebApi", "WebApi\WebApi.csproj", "{39EB3C60-EF33-4008-BBFD-299E53E2BCF9}"
EndProject
Global
	GlobalSection(SolutionConfigurationPlatforms) = preSolution
		Debug|Any CPU = Debug|Any CPU
		Release|Any CPU = Release|Any CPU
	EndGlobalSection
	GlobalSection(ProjectConfigurationPlatforms) = postSolution
		{39EB3C60-EF33-4008-BBFD-299E53E2BCF9}.Debug|Any CPU.ActiveCfg = Debug|Any CPU
		{39EB3C60-EF33-4008-BBFD-299E53E2BCF9}.Debug|Any CPU.Build.0 = Debug|Any CPU
		{39EB3C60-EF33-4008-BBFD-299E53E2BCF9}.Release|Any CPU.ActiveCfg = Release|Any CPU
		{39EB3C60-EF33-4008-BBFD-299E53E2BCF9}.Release|Any CPU.Build.0 = Release|Any CPU
	EndGlobalSection
	GlobalSection(SolutionProperties) = preSolution
		HideSolutionNode = FALSE
	EndGlobalSection
	GlobalSection(ExtensibilityGlobals) = postSolution
		SolutionGuid = {01A8626A-6F4F-4B03-85FE-38D467DBFA81}
	EndGlobalSection
EndGlobal
